
Microsoft Visual Studio Solution File, Format Version 10.00
# Visual Studio 2008
Project("{8BC9CEB8-8B4A-11D0-8D11-00A0C91BC942}") = "parent_exe", "parent_exe\parent_exe.vcproj", "{346BA4F6-0A6A-409B-9B6E-A91957800F0B}"
	ProjectSection(ProjectDependencies) = postProject
		{AABBA4F6-0A6A-409B-9B6E-A91957800F0B} = {AABBA4F6-0A6A-409B-9B6E-A91957800F0B}
	EndProjectSection
EndProject
Project("{8BC9CEB8-8B4A-11D0-8D11-00A0C91BC942}") = "child_exe", "child_exe\child_exe.vcproj", "{AA6BA4F6-0A6A-409B-9B6E-A91957800F0B}"
	ProjectSection(ProjectDependencies) = postProject
		{AABBA4F6-0A6A-409B-9B6E-A91957800F0B} = {AABBA4F6-0A6A-409B-9B6E-A91957800F0B}
	EndProjectSection
EndProject
Project("{8BC9CEB8-8B4A-11D0-8D11-00A0C91BC942}") = "dummy_dll", "dummy_dll\dummy_dll.vcproj", "{AABBA4F6-0A6A-409B-9B6E-A91957800F0B}"
EndProject
Global
	GlobalSection(SolutionConfigurationPlatforms) = preSolution
		Debug|Win32 = Debug|Win32
		Debug|Windows Mobile 5.0 Pocket PC SDK (ARMV4I) = Debug|Windows Mobile 5.0 Pocket PC SDK (ARMV4I)
		Release|Win32 = Release|Win32
		Release|Windows Mobile 5.0 Pocket PC SDK (ARMV4I) = Release|Windows Mobile 5.0 Pocket PC SDK (ARMV4I)
	EndGlobalSection
	GlobalSection(ProjectConfigurationPlatforms) = postSolution
		{346BA4F6-0A6A-409B-9B6E-A91957800F0B}.Debug|Win32.ActiveCfg = Debug|Win32
		{346BA4F6-0A6A-409B-9B6E-A91957800F0B}.Debug|Win32.Build.0 = Debug|Win32
		{346BA4F6-0A6A-409B-9B6E-A91957800F0B}.Debug|Windows Mobile 5.0 Pocket PC SDK (ARMV4I).ActiveCfg = Debug|Windows Mobile 5.0 Pocket PC SDK (ARMV4I)
		{346BA4F6-0A6A-409B-9B6E-A91957800F0B}.Debug|Windows Mobile 5.0 Pocket PC SDK (ARMV4I).Build.0 = Debug|Windows Mobile 5.0 Pocket PC SDK (ARMV4I)
		{346BA4F6-0A6A-409B-9B6E-A91957800F0B}.Debug|Windows Mobile 5.0 Pocket PC SDK (ARMV4I).Deploy.0 = Debug|Windows Mobile 5.0 Pocket PC SDK (ARMV4I)
		{346BA4F6-0A6A-409B-9B6E-A91957800F0B}.Release|Win32.ActiveCfg = Release|Win32
		{346BA4F6-0A6A-409B-9B6E-A91957800F0B}.Release|Win32.Build.0 = Release|Win32
		{346BA4F6-0A6A-409B-9B6E-A91957800F0B}.Release|Windows Mobile 5.0 Pocket PC SDK (ARMV4I).ActiveCfg = Release|Windows Mobile 5.0 Pocket PC SDK (ARMV4I)
		{346BA4F6-0A6A-409B-9B6E-A91957800F0B}.Release|Windows Mobile 5.0 Pocket PC SDK (ARMV4I).Build.0 = Release|Windows Mobile 5.0 Pocket PC SDK (ARMV4I)
		{346BA4F6-0A6A-409B-9B6E-A91957800F0B}.Release|Windows Mobile 5.0 Pocket PC SDK (ARMV4I).Deploy.0 = Release|Windows Mobile 5.0 Pocket PC SDK (ARMV4I)
		{AA6BA4F6-0A6A-409B-9B6E-A91957800F0B}.Debug|Win32.ActiveCfg = Debug|Win32
		{AA6BA4F6-0A6A-409B-9B6E-A91957800F0B}.Debug|Win32.Build.0 = Debug|Win32
		{AA6BA4F6-0A6A-409B-9B6E-A91957800F0B}.Debug|Windows Mobile 5.0 Pocket PC SDK (ARMV4I).ActiveCfg = Debug|Windows Mobile 5.0 Pocket PC SDK (ARMV4I)
		{AA6BA4F6-0A6A-409B-9B6E-A91957800F0B}.Debug|Windows Mobile 5.0 Pocket PC SDK (ARMV4I).Build.0 = Debug|Windows Mobile 5.0 Pocket PC SDK (ARMV4I)
		{AA6BA4F6-0A6A-409B-9B6E-A91957800F0B}.Debug|Windows Mobile 5.0 Pocket PC SDK (ARMV4I).Deploy.0 = Debug|Windows Mobile 5.0 Pocket PC SDK (ARMV4I)
		{AA6BA4F6-0A6A-409B-9B6E-A91957800F0B}.Release|Win32.ActiveCfg = Release|Win32
		{AA6BA4F6-0A6A-409B-9B6E-A91957800F0B}.Release|Win32.Build.0 = Release|Win32
		{AA6BA4F6-0A6A-409B-9B6E-A91957800F0B}.Release|Windows Mobile 5.0 Pocket PC SDK (ARMV4I).ActiveCfg = Release|Windows Mobile 5.0 Pocket PC SDK (ARMV4I)
		{AA6BA4F6-0A6A-409B-9B6E-A91957800F0B}.Release|Windows Mobile 5.0 Pocket PC SDK (ARMV4I).Build.0 = Release|Windows Mobile 5.0 Pocket PC SDK (ARMV4I)
		{AA6BA4F6-0A6A-409B-9B6E-A91957800F0B}.Release|Windows Mobile 5.0 Pocket PC SDK (ARMV4I).Deploy.0 = Release|Windows Mobile 5.0 Pocket PC SDK (ARMV4I)
		{AABBA4F6-0A6A-409B-9B6E-A91957800F0B}.Debug|Win32.ActiveCfg = Debug|Win32
		{AABBA4F6-0A6A-409B-9B6E-A91957800F0B}.Debug|Win32.Build.0 = Debug|Win32
		{AABBA4F6-0A6A-409B-9B6E-A91957800F0B}.Debug|Windows Mobile 5.0 Pocket PC SDK (ARMV4I).ActiveCfg = Debug|Windows Mobile 5.0 Pocket PC SDK (ARMV4I)
		{AABBA4F6-0A6A-409B-9B6E-A91957800F0B}.Debug|Windows Mobile 5.0 Pocket PC SDK (ARMV4I).Build.0 = Debug|Windows Mobile 5.0 Pocket PC SDK (ARMV4I)
		{AABBA4F6-0A6A-409B-9B6E-A91957800F0B}.Debug|Windows Mobile 5.0 Pocket PC SDK (ARMV4I).Deploy.0 = Debug|Windows Mobile 5.0 Pocket PC SDK (ARMV4I)
		{AABBA4F6-0A6A-409B-9B6E-A91957800F0B}.Release|Win32.ActiveCfg = Release|Win32
		{AABBA4F6-0A6A-409B-9B6E-A91957800F0B}.Release|Win32.Build.0 = Release|Win32
		{AABBA4F6-0A6A-409B-9B6E-A91957800F0B}.Release|Windows Mobile 5.0 Pocket PC SDK (ARMV4I).ActiveCfg = Release|Windows Mobile 5.0 Pocket PC SDK (ARMV4I)
		{AABBA4F6-0A6A-409B-9B6E-A91957800F0B}.Release|Windows Mobile 5.0 Pocket PC SDK (ARMV4I).Build.0 = Release|Windows Mobile 5.0 Pocket PC SDK (ARMV4I)
		{AABBA4F6-0A6A-409B-9B6E-A91957800F0B}.Release|Windows Mobile 5.0 Pocket PC SDK (ARMV4I).Deploy.0 = Release|Windows Mobile 5.0 Pocket PC SDK (ARMV4I)
	EndGlobalSection
	GlobalSection(SolutionProperties) = preSolution
		HideSolutionNode = FALSE
	EndGlobalSection
EndGlobal
